// !$*UTF8*$!
{
	archiveVersion = 1;
	classes = {
	};
	objectVersion = 46;
	objects = {

/* Begin PBXBuildFile section */
		776C22D318223417000A1227 /* Foundation.framework in Frameworks */ = {isa = PBXBuildFile; fileRef = 776C22D218223417000A1227 /* Foundation.framework */; };
		776C22D518223417000A1227 /* CoreGraphics.framework in Frameworks */ = {isa = PBXBuildFile; fileRef = 776C22D418223417000A1227 /* CoreGraphics.framework */; };
		776C22D718223417000A1227 /* UIKit.framework in Frameworks */ = {isa = PBXBuildFile; fileRef = 776C22D618223417000A1227 /* UIKit.framework */; };
		776C22D918223417000A1227 /* CoreData.framework in Frameworks */ = {isa = PBXBuildFile; fileRef = 776C22D818223417000A1227 /* CoreData.framework */; };
		776C22DF18223417000A1227 /* InfoPlist.strings in Resources */ = {isa = PBXBuildFile; fileRef = 776C22DD18223417000A1227 /* InfoPlist.strings */; };
		776C22E118223417000A1227 /* main.m in Sources */ = {isa = PBXBuildFile; fileRef = 776C22E018223417000A1227 /* main.m */; };
		776C22E518223417000A1227 /* TCAppDelegate.m in Sources */ = {isa = PBXBuildFile; fileRef = 776C22E418223417000A1227 /* TCAppDelegate.m */; };
		776C22EE18223417000A1227 /* ToeicIOS.xcdatamodeld in Sources */ = {isa = PBXBuildFile; fileRef = 776C22EC18223417000A1227 /* ToeicIOS.xcdatamodeld */; };
		776C22F618223417000A1227 /* Images.xcassets in Resources */ = {isa = PBXBuildFile; fileRef = 776C22F518223417000A1227 /* Images.xcassets */; };
		776C22FD18223417000A1227 /* XCTest.framework in Frameworks */ = {isa = PBXBuildFile; fileRef = 776C22FC18223417000A1227 /* XCTest.framework */; };
		776C22FE18223417000A1227 /* Foundation.framework in Frameworks */ = {isa = PBXBuildFile; fileRef = 776C22D218223417000A1227 /* Foundation.framework */; };
		776C22FF18223417000A1227 /* UIKit.framework in Frameworks */ = {isa = PBXBuildFile; fileRef = 776C22D618223417000A1227 /* UIKit.framework */; };
		776C230018223417000A1227 /* CoreData.framework in Frameworks */ = {isa = PBXBuildFile; fileRef = 776C22D818223417000A1227 /* CoreData.framework */; };
		776C230818223417000A1227 /* InfoPlist.strings in Resources */ = {isa = PBXBuildFile; fileRef = 776C230618223417000A1227 /* InfoPlist.strings */; };
		776C230A18223417000A1227 /* ToeicIOSTests.m in Sources */ = {isa = PBXBuildFile; fileRef = 776C230918223417000A1227 /* ToeicIOSTests.m */; };
		776C231B18225052000A1227 /* AudioToolbox.framework in Frameworks */ = {isa = PBXBuildFile; fileRef = 776C231A18225052000A1227 /* AudioToolbox.framework */; };
		776C231D1822505E000A1227 /* CFNetwork.framework in Frameworks */ = {isa = PBXBuildFile; fileRef = 776C231C1822505E000A1227 /* CFNetwork.framework */; };
		776C231F18225073000A1227 /* CoreLocation.framework in Frameworks */ = {isa = PBXBuildFile; fileRef = 776C231E18225073000A1227 /* CoreLocation.framework */; };
		776C23211822507F000A1227 /* libz.1.1.3.dylib in Frameworks */ = {isa = PBXBuildFile; fileRef = 776C23201822507F000A1227 /* libz.1.1.3.dylib */; };
		776C23231822508C000A1227 /* MobileCoreServices.framework in Frameworks */ = {isa = PBXBuildFile; fileRef = 776C23221822508C000A1227 /* MobileCoreServices.framework */; };
		776C23251822509E000A1227 /* QuartzCore.framework in Frameworks */ = {isa = PBXBuildFile; fileRef = 776C23241822509E000A1227 /* QuartzCore.framework */; };
		776C2327182250A8000A1227 /* Security.framework in Frameworks */ = {isa = PBXBuildFile; fileRef = 776C2326182250A8000A1227 /* Security.framework */; };
		776C2329182250B4000A1227 /* StoreKit.framework in Frameworks */ = {isa = PBXBuildFile; fileRef = 776C2328182250B4000A1227 /* StoreKit.framework */; };
		776C232B182250BF000A1227 /* SystemConfiguration.framework in Frameworks */ = {isa = PBXBuildFile; fileRef = 776C232A182250BF000A1227 /* SystemConfiguration.framework */; };
		77A8DD511822547000B41F09 /* AudioToolbox.framework in Frameworks */ = {isa = PBXBuildFile; fileRef = 776C231A18225052000A1227 /* AudioToolbox.framework */; };
		77A8DD521822547B00B41F09 /* CFNetwork.framework in Frameworks */ = {isa = PBXBuildFile; fileRef = 776C231C1822505E000A1227 /* CFNetwork.framework */; };
		77A8DD531822548800B41F09 /* CoreGraphics.framework in Frameworks */ = {isa = PBXBuildFile; fileRef = 776C22D418223417000A1227 /* CoreGraphics.framework */; };
		77A8DD541822549200B41F09 /* CoreLocation.framework in Frameworks */ = {isa = PBXBuildFile; fileRef = 776C231E18225073000A1227 /* CoreLocation.framework */; };
		77A8DD551822549C00B41F09 /* libz.1.1.3.dylib in Frameworks */ = {isa = PBXBuildFile; fileRef = 776C23201822507F000A1227 /* libz.1.1.3.dylib */; };
		77A8DD56182254AA00B41F09 /* MobileCoreServices.framework in Frameworks */ = {isa = PBXBuildFile; fileRef = 776C23221822508C000A1227 /* MobileCoreServices.framework */; };
		77A8DD57182254B600B41F09 /* QuartzCore.framework in Frameworks */ = {isa = PBXBuildFile; fileRef = 776C23241822509E000A1227 /* QuartzCore.framework */; };
		77A8DD58182254C200B41F09 /* Security.framework in Frameworks */ = {isa = PBXBuildFile; fileRef = 776C2326182250A8000A1227 /* Security.framework */; };
		77A8DD59182254CF00B41F09 /* StoreKit.framework in Frameworks */ = {isa = PBXBuildFile; fileRef = 776C2328182250B4000A1227 /* StoreKit.framework */; };
		77A8DD5A182254DF00B41F09 /* SystemConfiguration.framework in Frameworks */ = {isa = PBXBuildFile; fileRef = 776C232A182250BF000A1227 /* SystemConfiguration.framework */; };
		77A8DD5C1822558000B41F09 /* libsqlite3.0.dylib in Frameworks */ = {isa = PBXBuildFile; fileRef = 77A8DD5B1822558000B41F09 /* libsqlite3.0.dylib */; };
		77A8DD5D1822559500B41F09 /* libsqlite3.0.dylib in Frameworks */ = {isa = PBXBuildFile; fileRef = 77A8DD5B1822558000B41F09 /* libsqlite3.0.dylib */; };
		77A8DD5F1822575200B41F09 /* Parse.framework in Frameworks */ = {isa = PBXBuildFile; fileRef = 77A8DD5E1822575200B41F09 /* Parse.framework */; };
		77A8DD601822575200B41F09 /* Parse.framework in Frameworks */ = {isa = PBXBuildFile; fileRef = 77A8DD5E1822575200B41F09 /* Parse.framework */; };
		77A8DD6818225E3200B41F09 /* InfoPlist.strings in Resources */ = {isa = PBXBuildFile; fileRef = 776C22DD18223417000A1227 /* InfoPlist.strings */; };
		77A8DD7118225EDB00B41F09 /* Localizable.strings in Resources */ = {isa = PBXBuildFile; fileRef = 77A8DD7418225EDB00B41F09 /* Localizable.strings */; };
		77A8DD7218225EDB00B41F09 /* Localizable.strings in Resources */ = {isa = PBXBuildFile; fileRef = 77A8DD7418225EDB00B41F09 /* Localizable.strings */; };
		77A8DD7D182262C600B41F09 /* TCListModel.m in Sources */ = {isa = PBXBuildFile; fileRef = 77A8DD7C182262C600B41F09 /* TCListModel.m */; };
		77A8DD7E182262C600B41F09 /* TCListModel.m in Sources */ = {isa = PBXBuildFile; fileRef = 77A8DD7C182262C600B41F09 /* TCListModel.m */; };
		77A8DD811822642800B41F09 /* TCCategoryListModel.m in Sources */ = {isa = PBXBuildFile; fileRef = 77A8DD801822642800B41F09 /* TCCategoryListModel.m */; };
		77A8DD821822642800B41F09 /* TCCategoryListModel.m in Sources */ = {isa = PBXBuildFile; fileRef = 77A8DD801822642800B41F09 /* TCCategoryListModel.m */; };
		77A8DD851822660100B41F09 /* TCCategory.m in Sources */ = {isa = PBXBuildFile; fileRef = 77A8DD841822660100B41F09 /* TCCategory.m */; };
		77A8DD861822660100B41F09 /* TCCategory.m in Sources */ = {isa = PBXBuildFile; fileRef = 77A8DD841822660100B41F09 /* TCCategory.m */; };
		77A8DD8918227F5A00B41F09 /* TCQuestion.m in Sources */ = {isa = PBXBuildFile; fileRef = 77A8DD8818227F5A00B41F09 /* TCQuestion.m */; };
		77A8DD8A18227F5A00B41F09 /* TCQuestion.m in Sources */ = {isa = PBXBuildFile; fileRef = 77A8DD8818227F5A00B41F09 /* TCQuestion.m */; };
		77A8DD8D1822816800B41F09 /* TCQuestionListModel.m in Sources */ = {isa = PBXBuildFile; fileRef = 77A8DD8C1822816800B41F09 /* TCQuestionListModel.m */; };
		77A8DD8E1822816800B41F09 /* TCQuestionListModel.m in Sources */ = {isa = PBXBuildFile; fileRef = 77A8DD8C1822816800B41F09 /* TCQuestionListModel.m */; };
		77B557AF1823A33800872BEE /* TCQuestionView.m in Sources */ = {isa = PBXBuildFile; fileRef = 77B557AE1823A33800872BEE /* TCQuestionView.m */; };
		77B557B61823A38800872BEE /* TCCategoryVC.m in Sources */ = {isa = PBXBuildFile; fileRef = 77B557B41823A38800872BEE /* TCCategoryVC.m */; };
		77B557B71823A38800872BEE /* TCQuestionVC.m in Sources */ = {isa = PBXBuildFile; fileRef = 77B557B51823A38800872BEE /* TCQuestionVC.m */; };
		77B557BB1823A59F00872BEE /* UILabel+Extension.m in Sources */ = {isa = PBXBuildFile; fileRef = 77B557BA1823A59F00872BEE /* UILabel+Extension.m */; };
		77B557BE1823AA7000872BEE /* TCOptionView.m in Sources */ = {isa = PBXBuildFile; fileRef = 77B557BD1823AA7000872BEE /* TCOptionView.m */; };
		77B557C11823AD1900872BEE /* UIButton+Extension.m in Sources */ = {isa = PBXBuildFile; fileRef = 77B557C01823AD1900872BEE /* UIButton+Extension.m */; };
		77B557C41823CC2900872BEE /* TCSwipViews.m in Sources */ = {isa = PBXBuildFile; fileRef = 77B557C31823CC2900872BEE /* TCSwipViews.m */; };
		77B557C71823D65600872BEE /* UIView+AutoLayout.m in Sources */ = {isa = PBXBuildFile; fileRef = 77B557C61823D65600872BEE /* UIView+AutoLayout.m */; };
		77B557CA1823D88D00872BEE /* TCQuestionBannerView.m in Sources */ = {isa = PBXBuildFile; fileRef = 77B557C91823D88D00872BEE /* TCQuestionBannerView.m */; };
		EE133DA3AF7D483E9B2AB81B /* libPods.a in Frameworks */ = {isa = PBXBuildFile; fileRef = 297D6E0BA9464CE2A86D35A5 /* libPods.a */; };
/* End PBXBuildFile section */

/* Begin PBXContainerItemProxy section */
		776C230118223417000A1227 /* PBXContainerItemProxy */ = {
			isa = PBXContainerItemProxy;
			containerPortal = 776C22C718223417000A1227 /* Project object */;
			proxyType = 1;
			remoteGlobalIDString = 776C22CE18223417000A1227;
			remoteInfo = ToeicIOS;
		};
/* End PBXContainerItemProxy section */

/* Begin PBXFileReference section */
		297D6E0BA9464CE2A86D35A5 /* libPods.a */ = {isa = PBXFileReference; explicitFileType = archive.ar; includeInIndex = 0; path = libPods.a; sourceTree = BUILT_PRODUCTS_DIR; };
		776C22CF18223417000A1227 /* ToeicIOS.app */ = {isa = PBXFileReference; explicitFileType = wrapper.application; includeInIndex = 0; path = ToeicIOS.app; sourceTree = BUILT_PRODUCTS_DIR; };
		776C22D218223417000A1227 /* Foundation.framework */ = {isa = PBXFileReference; lastKnownFileType = wrapper.framework; name = Foundation.framework; path = System/Library/Frameworks/Foundation.framework; sourceTree = SDKROOT; };
		776C22D418223417000A1227 /* CoreGraphics.framework */ = {isa = PBXFileReference; lastKnownFileType = wrapper.framework; name = CoreGraphics.framework; path = System/Library/Frameworks/CoreGraphics.framework; sourceTree = SDKROOT; };
		776C22D618223417000A1227 /* UIKit.framework */ = {isa = PBXFileReference; lastKnownFileType = wrapper.framework; name = UIKit.framework; path = System/Library/Frameworks/UIKit.framework; sourceTree = SDKROOT; };
		776C22D818223417000A1227 /* CoreData.framework */ = {isa = PBXFileReference; lastKnownFileType = wrapper.framework; name = CoreData.framework; path = System/Library/Frameworks/CoreData.framework; sourceTree = SDKROOT; };
		776C22DC18223417000A1227 /* ToeicIOS-Info.plist */ = {isa = PBXFileReference; lastKnownFileType = text.plist.xml; path = "ToeicIOS-Info.plist"; sourceTree = "<group>"; };
		776C22DE18223417000A1227 /* en */ = {isa = PBXFileReference; lastKnownFileType = text.plist.strings; name = en; path = en.lproj/InfoPlist.strings; sourceTree = "<group>"; };
		776C22E018223417000A1227 /* main.m */ = {isa = PBXFileReference; lastKnownFileType = sourcecode.c.objc; path = main.m; sourceTree = "<group>"; };
		776C22E218223417000A1227 /* ToeicIOS-Prefix.pch */ = {isa = PBXFileReference; lastKnownFileType = sourcecode.c.h; path = "ToeicIOS-Prefix.pch"; sourceTree = "<group>"; };
		776C22E318223417000A1227 /* TCAppDelegate.h */ = {isa = PBXFileReference; lastKnownFileType = sourcecode.c.h; path = TCAppDelegate.h; sourceTree = "<group>"; };
		776C22E418223417000A1227 /* TCAppDelegate.m */ = {isa = PBXFileReference; lastKnownFileType = sourcecode.c.objc; path = TCAppDelegate.m; sourceTree = "<group>"; };
		776C22ED18223417000A1227 /* ToeicIOS.xcdatamodel */ = {isa = PBXFileReference; lastKnownFileType = wrapper.xcdatamodel; path = ToeicIOS.xcdatamodel; sourceTree = "<group>"; };
		776C22F518223417000A1227 /* Images.xcassets */ = {isa = PBXFileReference; lastKnownFileType = folder.assetcatalog; path = Images.xcassets; sourceTree = "<group>"; };
		776C22FB18223417000A1227 /* ToeicIOSTests.xctest */ = {isa = PBXFileReference; explicitFileType = wrapper.cfbundle; includeInIndex = 0; path = ToeicIOSTests.xctest; sourceTree = BUILT_PRODUCTS_DIR; };
		776C22FC18223417000A1227 /* XCTest.framework */ = {isa = PBXFileReference; lastKnownFileType = wrapper.framework; name = XCTest.framework; path = Library/Frameworks/XCTest.framework; sourceTree = DEVELOPER_DIR; };
		776C230518223417000A1227 /* ToeicIOSTests-Info.plist */ = {isa = PBXFileReference; lastKnownFileType = text.plist.xml; path = "ToeicIOSTests-Info.plist"; sourceTree = "<group>"; };
		776C230718223417000A1227 /* en */ = {isa = PBXFileReference; lastKnownFileType = text.plist.strings; name = en; path = en.lproj/InfoPlist.strings; sourceTree = "<group>"; };
		776C230918223417000A1227 /* ToeicIOSTests.m */ = {isa = PBXFileReference; lastKnownFileType = sourcecode.c.objc; path = ToeicIOSTests.m; sourceTree = "<group>"; };
		776C231A18225052000A1227 /* AudioToolbox.framework */ = {isa = PBXFileReference; lastKnownFileType = wrapper.framework; name = AudioToolbox.framework; path = System/Library/Frameworks/AudioToolbox.framework; sourceTree = SDKROOT; };
		776C231C1822505E000A1227 /* CFNetwork.framework */ = {isa = PBXFileReference; lastKnownFileType = wrapper.framework; name = CFNetwork.framework; path = System/Library/Frameworks/CFNetwork.framework; sourceTree = SDKROOT; };
		776C231E18225073000A1227 /* CoreLocation.framework */ = {isa = PBXFileReference; lastKnownFileType = wrapper.framework; name = CoreLocation.framework; path = System/Library/Frameworks/CoreLocation.framework; sourceTree = SDKROOT; };
		776C23201822507F000A1227 /* libz.1.1.3.dylib */ = {isa = PBXFileReference; lastKnownFileType = "compiled.mach-o.dylib"; name = libz.1.1.3.dylib; path = usr/lib/libz.1.1.3.dylib; sourceTree = SDKROOT; };
		776C23221822508C000A1227 /* MobileCoreServices.framework */ = {isa = PBXFileReference; lastKnownFileType = wrapper.framework; name = MobileCoreServices.framework; path = System/Library/Frameworks/MobileCoreServices.framework; sourceTree = SDKROOT; };
		776C23241822509E000A1227 /* QuartzCore.framework */ = {isa = PBXFileReference; lastKnownFileType = wrapper.framework; name = QuartzCore.framework; path = System/Library/Frameworks/QuartzCore.framework; sourceTree = SDKROOT; };
		776C2326182250A8000A1227 /* Security.framework */ = {isa = PBXFileReference; lastKnownFileType = wrapper.framework; name = Security.framework; path = System/Library/Frameworks/Security.framework; sourceTree = SDKROOT; };
		776C2328182250B4000A1227 /* StoreKit.framework */ = {isa = PBXFileReference; lastKnownFileType = wrapper.framework; name = StoreKit.framework; path = System/Library/Frameworks/StoreKit.framework; sourceTree = SDKROOT; };
		776C232A182250BF000A1227 /* SystemConfiguration.framework */ = {isa = PBXFileReference; lastKnownFileType = wrapper.framework; name = SystemConfiguration.framework; path = System/Library/Frameworks/SystemConfiguration.framework; sourceTree = SDKROOT; };
		77A8DD5B1822558000B41F09 /* libsqlite3.0.dylib */ = {isa = PBXFileReference; lastKnownFileType = "compiled.mach-o.dylib"; name = libsqlite3.0.dylib; path = usr/lib/libsqlite3.0.dylib; sourceTree = SDKROOT; };
		77A8DD5E1822575200B41F09 /* Parse.framework */ = {isa = PBXFileReference; lastKnownFileType = wrapper.framework; path = Parse.framework; sourceTree = "<group>"; };
		77A8DD6118225D8F00B41F09 /* ja */ = {isa = PBXFileReference; lastKnownFileType = text.plist.strings; name = ja; path = ja.lproj/InfoPlist.strings; sourceTree = "<group>"; };
		77A8DD6418225D8F00B41F09 /* ja */ = {isa = PBXFileReference; lastKnownFileType = text.plist.strings; name = ja; path = ja.lproj/InfoPlist.strings; sourceTree = "<group>"; };
		77A8DD6B18225E7900B41F09 /* zh-Hans */ = {isa = PBXFileReference; lastKnownFileType = text.plist.strings; name = "zh-Hans"; path = "zh-Hans.lproj/InfoPlist.strings"; sourceTree = "<group>"; };
		77A8DD6C18225E7900B41F09 /* zh-Hans */ = {isa = PBXFileReference; lastKnownFileType = text.plist.strings; name = "zh-Hans"; path = "zh-Hans.lproj/InfoPlist.strings"; sourceTree = "<group>"; };
		77A8DD6F18225E9300B41F09 /* zh-Hant */ = {isa = PBXFileReference; lastKnownFileType = text.plist.strings; name = "zh-Hant"; path = "zh-Hant.lproj/InfoPlist.strings"; sourceTree = "<group>"; };
		77A8DD7018225E9300B41F09 /* zh-Hant */ = {isa = PBXFileReference; lastKnownFileType = text.plist.strings; name = "zh-Hant"; path = "zh-Hant.lproj/InfoPlist.strings"; sourceTree = "<group>"; };
		77A8DD7318225EDB00B41F09 /* Base */ = {isa = PBXFileReference; lastKnownFileType = text.plist.strings; name = Base; path = Base.lproj/Localizable.strings; sourceTree = "<group>"; };
		77A8DD7518225EE100B41F09 /* en */ = {isa = PBXFileReference; lastKnownFileType = text.plist.strings; name = en; path = en.lproj/Localizable.strings; sourceTree = "<group>"; };
		77A8DD7618225EE200B41F09 /* ja */ = {isa = PBXFileReference; lastKnownFileType = text.plist.strings; name = ja; path = ja.lproj/Localizable.strings; sourceTree = "<group>"; };
		77A8DD7718225EE700B41F09 /* zh-Hans */ = {isa = PBXFileReference; lastKnownFileType = text.plist.strings; name = "zh-Hans"; path = "zh-Hans.lproj/Localizable.strings"; sourceTree = "<group>"; };
		77A8DD7818225EE800B41F09 /* zh-Hant */ = {isa = PBXFileReference; lastKnownFileType = text.plist.strings; name = "zh-Hant"; path = "zh-Hant.lproj/Localizable.strings"; sourceTree = "<group>"; };
		77A8DD7918225EFB00B41F09 /* Base */ = {isa = PBXFileReference; lastKnownFileType = text.plist.strings; name = Base; path = Base.lproj/InfoPlist.strings; sourceTree = "<group>"; };
		77A8DD7B182262C600B41F09 /* TCListModel.h */ = {isa = PBXFileReference; fileEncoding = 4; lastKnownFileType = sourcecode.c.h; path = TCListModel.h; sourceTree = "<group>"; };
		77A8DD7C182262C600B41F09 /* TCListModel.m */ = {isa = PBXFileReference; fileEncoding = 4; lastKnownFileType = sourcecode.c.objc; path = TCListModel.m; sourceTree = "<group>"; };
		77A8DD7F1822642800B41F09 /* TCCategoryListModel.h */ = {isa = PBXFileReference; fileEncoding = 4; lastKnownFileType = sourcecode.c.h; path = TCCategoryListModel.h; sourceTree = "<group>"; };
		77A8DD801822642800B41F09 /* TCCategoryListModel.m */ = {isa = PBXFileReference; fileEncoding = 4; lastKnownFileType = sourcecode.c.objc; path = TCCategoryListModel.m; sourceTree = "<group>"; };
		77A8DD831822660100B41F09 /* TCCategory.h */ = {isa = PBXFileReference; fileEncoding = 4; lastKnownFileType = sourcecode.c.h; path = TCCategory.h; sourceTree = "<group>"; };
		77A8DD841822660100B41F09 /* TCCategory.m */ = {isa = PBXFileReference; fileEncoding = 4; lastKnownFileType = sourcecode.c.objc; path = TCCategory.m; sourceTree = "<group>"; };
		77A8DD8718227F5A00B41F09 /* TCQuestion.h */ = {isa = PBXFileReference; fileEncoding = 4; lastKnownFileType = sourcecode.c.h; path = TCQuestion.h; sourceTree = "<group>"; };
		77A8DD8818227F5A00B41F09 /* TCQuestion.m */ = {isa = PBXFileReference; fileEncoding = 4; lastKnownFileType = sourcecode.c.objc; path = TCQuestion.m; sourceTree = "<group>"; };
		77A8DD8B1822816800B41F09 /* TCQuestionListModel.h */ = {isa = PBXFileReference; fileEncoding = 4; lastKnownFileType = sourcecode.c.h; path = TCQuestionListModel.h; sourceTree = "<group>"; };
		77A8DD8C1822816800B41F09 /* TCQuestionListModel.m */ = {isa = PBXFileReference; fileEncoding = 4; lastKnownFileType = sourcecode.c.objc; path = TCQuestionListModel.m; sourceTree = "<group>"; };
		77B557AD1823A33800872BEE /* TCQuestionView.h */ = {isa = PBXFileReference; fileEncoding = 4; lastKnownFileType = sourcecode.c.h; path = TCQuestionView.h; sourceTree = "<group>"; };
		77B557AE1823A33800872BEE /* TCQuestionView.m */ = {isa = PBXFileReference; fileEncoding = 4; lastKnownFileType = sourcecode.c.objc; path = TCQuestionView.m; sourceTree = "<group>"; };
		77B557B11823A36D00872BEE /* TCDefines.h */ = {isa = PBXFileReference; fileEncoding = 4; lastKnownFileType = sourcecode.c.h; path = TCDefines.h; sourceTree = "<group>"; };
		77B557B21823A38800872BEE /* TCCategoryVC.h */ = {isa = PBXFileReference; fileEncoding = 4; lastKnownFileType = sourcecode.c.h; path = TCCategoryVC.h; sourceTree = "<group>"; };
		77B557B31823A38800872BEE /* TCQuestionVC.h */ = {isa = PBXFileReference; fileEncoding = 4; lastKnownFileType = sourcecode.c.h; path = TCQuestionVC.h; sourceTree = "<group>"; };
		77B557B41823A38800872BEE /* TCCategoryVC.m */ = {isa = PBXFileReference; fileEncoding = 4; lastKnownFileType = sourcecode.c.objc; path = TCCategoryVC.m; sourceTree = "<group>"; };
		77B557B51823A38800872BEE /* TCQuestionVC.m */ = {isa = PBXFileReference; fileEncoding = 4; lastKnownFileType = sourcecode.c.objc; path = TCQuestionVC.m; sourceTree = "<group>"; };
		77B557B91823A59F00872BEE /* UILabel+Extension.h */ = {isa = PBXFileReference; fileEncoding = 4; lastKnownFileType = sourcecode.c.h; path = "UILabel+Extension.h"; sourceTree = "<group>"; };
		77B557BA1823A59F00872BEE /* UILabel+Extension.m */ = {isa = PBXFileReference; fileEncoding = 4; lastKnownFileType = sourcecode.c.objc; path = "UILabel+Extension.m"; sourceTree = "<group>"; };
		77B557BC1823AA7000872BEE /* TCOptionView.h */ = {isa = PBXFileReference; fileEncoding = 4; lastKnownFileType = sourcecode.c.h; path = TCOptionView.h; sourceTree = "<group>"; };
		77B557BD1823AA7000872BEE /* TCOptionView.m */ = {isa = PBXFileReference; fileEncoding = 4; lastKnownFileType = sourcecode.c.objc; path = TCOptionView.m; sourceTree = "<group>"; };
		77B557BF1823AD1900872BEE /* UIButton+Extension.h */ = {isa = PBXFileReference; fileEncoding = 4; lastKnownFileType = sourcecode.c.h; path = "UIButton+Extension.h"; sourceTree = "<group>"; };
		77B557C01823AD1900872BEE /* UIButton+Extension.m */ = {isa = PBXFileReference; fileEncoding = 4; lastKnownFileType = sourcecode.c.objc; path = "UIButton+Extension.m"; sourceTree = "<group>"; };
		77B557C21823CC2900872BEE /* TCSwipViews.h */ = {isa = PBXFileReference; fileEncoding = 4; lastKnownFileType = sourcecode.c.h; path = TCSwipViews.h; sourceTree = "<group>"; };
		77B557C31823CC2900872BEE /* TCSwipViews.m */ = {isa = PBXFileReference; fileEncoding = 4; lastKnownFileType = sourcecode.c.objc; path = TCSwipViews.m; sourceTree = "<group>"; };
		77B557C51823D65600872BEE /* UIView+AutoLayout.h */ = {isa = PBXFileReference; fileEncoding = 4; lastKnownFileType = sourcecode.c.h; path = "UIView+AutoLayout.h"; sourceTree = "<group>"; };
		77B557C61823D65600872BEE /* UIView+AutoLayout.m */ = {isa = PBXFileReference; fileEncoding = 4; lastKnownFileType = sourcecode.c.objc; path = "UIView+AutoLayout.m"; sourceTree = "<group>"; };
		77B557C81823D88D00872BEE /* TCQuestionBannerView.h */ = {isa = PBXFileReference; fileEncoding = 4; lastKnownFileType = sourcecode.c.h; path = TCQuestionBannerView.h; sourceTree = "<group>"; };
		77B557C91823D88D00872BEE /* TCQuestionBannerView.m */ = {isa = PBXFileReference; fileEncoding = 4; lastKnownFileType = sourcecode.c.objc; path = TCQuestionBannerView.m; sourceTree = "<group>"; };
		9E4B81355E064B879D6B4DF1 /* Pods.xcconfig */ = {isa = PBXFileReference; includeInIndex = 1; lastKnownFileType = text.xcconfig; name = Pods.xcconfig; path = Pods/Pods.xcconfig; sourceTree = "<group>"; };
/* End PBXFileReference section */

/* Begin PBXFrameworksBuildPhase section */
		776C22CC18223417000A1227 /* Frameworks */ = {
			isa = PBXFrameworksBuildPhase;
			buildActionMask = 2147483647;
			files = (
				77A8DD5C1822558000B41F09 /* libsqlite3.0.dylib in Frameworks */,
				776C232B182250BF000A1227 /* SystemConfiguration.framework in Frameworks */,
				776C2329182250B4000A1227 /* StoreKit.framework in Frameworks */,
				776C2327182250A8000A1227 /* Security.framework in Frameworks */,
				776C23251822509E000A1227 /* QuartzCore.framework in Frameworks */,
				776C23231822508C000A1227 /* MobileCoreServices.framework in Frameworks */,
				77A8DD5F1822575200B41F09 /* Parse.framework in Frameworks */,
				776C23211822507F000A1227 /* libz.1.1.3.dylib in Frameworks */,
				776C231F18225073000A1227 /* CoreLocation.framework in Frameworks */,
				776C22D518223417000A1227 /* CoreGraphics.framework in Frameworks */,
				776C231D1822505E000A1227 /* CFNetwork.framework in Frameworks */,
				776C231B18225052000A1227 /* AudioToolbox.framework in Frameworks */,
				776C22D918223417000A1227 /* CoreData.framework in Frameworks */,
				776C22D718223417000A1227 /* UIKit.framework in Frameworks */,
				776C22D318223417000A1227 /* Foundation.framework in Frameworks */,
				EE133DA3AF7D483E9B2AB81B /* libPods.a in Frameworks */,
			);
			runOnlyForDeploymentPostprocessing = 0;
		};
		776C22F818223417000A1227 /* Frameworks */ = {
			isa = PBXFrameworksBuildPhase;
			buildActionMask = 2147483647;
			files = (
				77A8DD5D1822559500B41F09 /* libsqlite3.0.dylib in Frameworks */,
				77A8DD5A182254DF00B41F09 /* SystemConfiguration.framework in Frameworks */,
				77A8DD59182254CF00B41F09 /* StoreKit.framework in Frameworks */,
				77A8DD58182254C200B41F09 /* Security.framework in Frameworks */,
				77A8DD57182254B600B41F09 /* QuartzCore.framework in Frameworks */,
				77A8DD56182254AA00B41F09 /* MobileCoreServices.framework in Frameworks */,
				77A8DD601822575200B41F09 /* Parse.framework in Frameworks */,
				77A8DD551822549C00B41F09 /* libz.1.1.3.dylib in Frameworks */,
				77A8DD541822549200B41F09 /* CoreLocation.framework in Frameworks */,
				77A8DD531822548800B41F09 /* CoreGraphics.framework in Frameworks */,
				77A8DD521822547B00B41F09 /* CFNetwork.framework in Frameworks */,
				77A8DD511822547000B41F09 /* AudioToolbox.framework in Frameworks */,
				776C22FD18223417000A1227 /* XCTest.framework in Frameworks */,
				776C230018223417000A1227 /* CoreData.framework in Frameworks */,
				776C22FF18223417000A1227 /* UIKit.framework in Frameworks */,
				776C22FE18223417000A1227 /* Foundation.framework in Frameworks */,
			);
			runOnlyForDeploymentPostprocessing = 0;
		};
/* End PBXFrameworksBuildPhase section */

/* Begin PBXGroup section */
		776C22C618223417000A1227 = {
			isa = PBXGroup;
			children = (
				776C22DA18223417000A1227 /* ToeicIOS */,
				776C230318223417000A1227 /* ToeicIOSTests */,
				776C22D118223417000A1227 /* Frameworks */,
				776C22D018223417000A1227 /* Products */,
				9E4B81355E064B879D6B4DF1 /* Pods.xcconfig */,
			);
			sourceTree = "<group>";
		};
		776C22D018223417000A1227 /* Products */ = {
			isa = PBXGroup;
			children = (
				776C22CF18223417000A1227 /* ToeicIOS.app */,
				776C22FB18223417000A1227 /* ToeicIOSTests.xctest */,
			);
			name = Products;
			sourceTree = "<group>";
		};
		776C22D118223417000A1227 /* Frameworks */ = {
			isa = PBXGroup;
			children = (
				77A8DD5E1822575200B41F09 /* Parse.framework */,
				77A8DD5B1822558000B41F09 /* libsqlite3.0.dylib */,
				776C232A182250BF000A1227 /* SystemConfiguration.framework */,
				776C2328182250B4000A1227 /* StoreKit.framework */,
				776C2326182250A8000A1227 /* Security.framework */,
				776C23241822509E000A1227 /* QuartzCore.framework */,
				776C23221822508C000A1227 /* MobileCoreServices.framework */,
				776C23201822507F000A1227 /* libz.1.1.3.dylib */,
				776C231E18225073000A1227 /* CoreLocation.framework */,
				776C231C1822505E000A1227 /* CFNetwork.framework */,
				776C231A18225052000A1227 /* AudioToolbox.framework */,
				776C22D218223417000A1227 /* Foundation.framework */,
				776C22D418223417000A1227 /* CoreGraphics.framework */,
				776C22D618223417000A1227 /* UIKit.framework */,
				776C22D818223417000A1227 /* CoreData.framework */,
				776C22FC18223417000A1227 /* XCTest.framework */,
				297D6E0BA9464CE2A86D35A5 /* libPods.a */,
			);
			name = Frameworks;
			sourceTree = "<group>";
		};
		776C22DA18223417000A1227 /* ToeicIOS */ = {
			isa = PBXGroup;
			children = (
				77B557B01823A35000872BEE /* Constants */,
				77B557B81823A54400872BEE /* Extensions */,
				77A8DD7A182260C900B41F09 /* Models */,
				77B557AC1823A31200872BEE /* Views */,
				77A8DD8F182282F300B41F09 /* Controllers */,
				776C22E318223417000A1227 /* TCAppDelegate.h */,
				776C22E418223417000A1227 /* TCAppDelegate.m */,
				776C22F518223417000A1227 /* Images.xcassets */,
				776C22EC18223417000A1227 /* ToeicIOS.xcdatamodeld */,
				776C22DB18223417000A1227 /* Supporting Files */,
			);
			path = ToeicIOS;
			sourceTree = "<group>";
		};
		776C22DB18223417000A1227 /* Supporting Files */ = {
			isa = PBXGroup;
			children = (
				776C22DC18223417000A1227 /* ToeicIOS-Info.plist */,
				776C22DD18223417000A1227 /* InfoPlist.strings */,
				77A8DD7418225EDB00B41F09 /* Localizable.strings */,
				776C22E018223417000A1227 /* main.m */,
				776C22E218223417000A1227 /* ToeicIOS-Prefix.pch */,
			);
			name = "Supporting Files";
			sourceTree = "<group>";
		};
		776C230318223417000A1227 /* ToeicIOSTests */ = {
			isa = PBXGroup;
			children = (
				776C230918223417000A1227 /* ToeicIOSTests.m */,
				776C230418223417000A1227 /* Supporting Files */,
			);
			path = ToeicIOSTests;
			sourceTree = "<group>";
		};
		776C230418223417000A1227 /* Supporting Files */ = {
			isa = PBXGroup;
			children = (
				776C230518223417000A1227 /* ToeicIOSTests-Info.plist */,
				776C230618223417000A1227 /* InfoPlist.strings */,
			);
			name = "Supporting Files";
			sourceTree = "<group>";
		};
		77A8DD7A182260C900B41F09 /* Models */ = {
			isa = PBXGroup;
			children = (
				77A8DD7B182262C600B41F09 /* TCListModel.h */,
				77A8DD7C182262C600B41F09 /* TCListModel.m */,
				77A8DD7F1822642800B41F09 /* TCCategoryListModel.h */,
				77A8DD801822642800B41F09 /* TCCategoryListModel.m */,
				77A8DD8B1822816800B41F09 /* TCQuestionListModel.h */,
				77A8DD8C1822816800B41F09 /* TCQuestionListModel.m */,
				77A8DD831822660100B41F09 /* TCCategory.h */,
				77A8DD841822660100B41F09 /* TCCategory.m */,
				77A8DD8718227F5A00B41F09 /* TCQuestion.h */,
				77A8DD8818227F5A00B41F09 /* TCQuestion.m */,
			);
			name = Models;
			sourceTree = "<group>";
		};
		77A8DD8F182282F300B41F09 /* Controllers */ = {
			isa = PBXGroup;
			children = (
				77B557B21823A38800872BEE /* TCCategoryVC.h */,
				77B557B41823A38800872BEE /* TCCategoryVC.m */,
				77B557B31823A38800872BEE /* TCQuestionVC.h */,
				77B557B51823A38800872BEE /* TCQuestionVC.m */,
			);
			name = Controllers;
			sourceTree = "<group>";
		};
		77B557AC1823A31200872BEE /* Views */ = {
			isa = PBXGroup;
			children = (
				77B557AD1823A33800872BEE /* TCQuestionView.h */,
				77B557AE1823A33800872BEE /* TCQuestionView.m */,
				77B557BC1823AA7000872BEE /* TCOptionView.h */,
				77B557BD1823AA7000872BEE /* TCOptionView.m */,
				77B557C21823CC2900872BEE /* TCSwipViews.h */,
				77B557C31823CC2900872BEE /* TCSwipViews.m */,
				77B557C81823D88D00872BEE /* TCQuestionBannerView.h */,
				77B557C91823D88D00872BEE /* TCQuestionBannerView.m */,
			);
			name = Views;
			sourceTree = "<group>";
		};
		77B557B01823A35000872BEE /* Constants */ = {
			isa = PBXGroup;
			children = (
				77B557B11823A36D00872BEE /* TCDefines.h */,
			);
			name = Constants;
			sourceTree = "<group>";
		};
		77B557B81823A54400872BEE /* Extensions */ = {
			isa = PBXGroup;
			children = (
				77B557C51823D65600872BEE /* UIView+AutoLayout.h */,
				77B557C61823D65600872BEE /* UIView+AutoLayout.m */,
				77B557B91823A59F00872BEE /* UILabel+Extension.h */,
				77B557BA1823A59F00872BEE /* UILabel+Extension.m */,
				77B557BF1823AD1900872BEE /* UIButton+Extension.h */,
				77B557C01823AD1900872BEE /* UIButton+Extension.m */,
			);
			name = Extensions;
			sourceTree = "<group>";
		};
/* End PBXGroup section */

/* Begin PBXNativeTarget section */
		776C22CE18223417000A1227 /* ToeicIOS */ = {
			isa = PBXNativeTarget;
			buildConfigurationList = 776C230D18223417000A1227 /* Build configuration list for PBXNativeTarget "ToeicIOS" */;
			buildPhases = (
				58363E2278A5446BBF12781B /* Check Pods Manifest.lock */,
				776C22CB18223417000A1227 /* Sources */,
				776C22CC18223417000A1227 /* Frameworks */,
				776C22CD18223417000A1227 /* Resources */,
				2A7FD2A30C294C6CA37236FE /* Copy Pods Resources */,
			);
			buildRules = (
			);
			dependencies = (
			);
			name = ToeicIOS;
			productName = ToeicIOS;
			productReference = 776C22CF18223417000A1227 /* ToeicIOS.app */;
			productType = "com.apple.product-type.application";
		};
		776C22FA18223417000A1227 /* ToeicIOSTests */ = {
			isa = PBXNativeTarget;
			buildConfigurationList = 776C231018223417000A1227 /* Build configuration list for PBXNativeTarget "ToeicIOSTests" */;
			buildPhases = (
				776C22F718223417000A1227 /* Sources */,
				776C22F818223417000A1227 /* Frameworks */,
				776C22F918223417000A1227 /* Resources */,
			);
			buildRules = (
			);
			dependencies = (
				776C230218223417000A1227 /* PBXTargetDependency */,
			);
			name = ToeicIOSTests;
			productName = ToeicIOSTests;
			productReference = 776C22FB18223417000A1227 /* ToeicIOSTests.xctest */;
			productType = "com.apple.product-type.bundle.unit-test";
		};
/* End PBXNativeTarget section */

/* Begin PBXProject section */
		776C22C718223417000A1227 /* Project object */ = {
			isa = PBXProject;
			attributes = {
				CLASSPREFIX = TC;
				LastUpgradeCheck = 0500;
				ORGANIZATIONNAME = "陳 俊";
				TargetAttributes = {
					776C22FA18223417000A1227 = {
						TestTargetID = 776C22CE18223417000A1227;
					};
				};
			};
			buildConfigurationList = 776C22CA18223417000A1227 /* Build configuration list for PBXProject "ToeicIOS" */;
			compatibilityVersion = "Xcode 3.2";
			developmentRegion = English;
			hasScannedForEncodings = 0;
			knownRegions = (
				en,
				Base,
				ja,
				"zh-Hans",
				"zh-Hant",
			);
			mainGroup = 776C22C618223417000A1227;
			productRefGroup = 776C22D018223417000A1227 /* Products */;
			projectDirPath = "";
			projectRoot = "";
			targets = (
				776C22CE18223417000A1227 /* ToeicIOS */,
				776C22FA18223417000A1227 /* ToeicIOSTests */,
			);
		};
/* End PBXProject section */

/* Begin PBXResourcesBuildPhase section */
		776C22CD18223417000A1227 /* Resources */ = {
			isa = PBXResourcesBuildPhase;
			buildActionMask = 2147483647;
			files = (
				77A8DD7118225EDB00B41F09 /* Localizable.strings in Resources */,
				776C22F618223417000A1227 /* Images.xcassets in Resources */,
				776C22DF18223417000A1227 /* InfoPlist.strings in Resources */,
			);
			runOnlyForDeploymentPostprocessing = 0;
		};
		776C22F918223417000A1227 /* Resources */ = {
			isa = PBXResourcesBuildPhase;
			buildActionMask = 2147483647;
			files = (
				776C230818223417000A1227 /* InfoPlist.strings in Resources */,
				77A8DD6818225E3200B41F09 /* InfoPlist.strings in Resources */,
				77A8DD7218225EDB00B41F09 /* Localizable.strings in Resources */,
			);
			runOnlyForDeploymentPostprocessing = 0;
		};
/* End PBXResourcesBuildPhase section */

/* Begin PBXShellScriptBuildPhase section */
		2A7FD2A30C294C6CA37236FE /* Copy Pods Resources */ = {
			isa = PBXShellScriptBuildPhase;
			buildActionMask = 2147483647;
			files = (
			);
			inputPaths = (
			);
			name = "Copy Pods Resources";
			outputPaths = (
			);
			runOnlyForDeploymentPostprocessing = 0;
			shellPath = /bin/sh;
			shellScript = "\"${SRCROOT}/Pods/Pods-resources.sh\"\n";
			showEnvVarsInLog = 0;
		};
		58363E2278A5446BBF12781B /* Check Pods Manifest.lock */ = {
			isa = PBXShellScriptBuildPhase;
			buildActionMask = 2147483647;
			files = (
			);
			inputPaths = (
			);
			name = "Check Pods Manifest.lock";
			outputPaths = (
			);
			runOnlyForDeploymentPostprocessing = 0;
			shellPath = /bin/sh;
			shellScript = "diff \"${PODS_ROOT}/../Podfile.lock\" \"${PODS_ROOT}/Manifest.lock\" > /dev/null\nif [[ $? != 0 ]] ; then\n    cat << EOM\nerror: The sandbox is not in sync with the Podfile.lock. Run 'pod install' or update your CocoaPods installation.\nEOM\n    exit 1\nfi\n";
			showEnvVarsInLog = 0;
		};
/* End PBXShellScriptBuildPhase section */

/* Begin PBXSourcesBuildPhase section */
		776C22CB18223417000A1227 /* Sources */ = {
			isa = PBXSourcesBuildPhase;
			buildActionMask = 2147483647;
			files = (
				77B557BB1823A59F00872BEE /* UILabel+Extension.m in Sources */,
				776C22E118223417000A1227 /* main.m in Sources */,
				77A8DD811822642800B41F09 /* TCCategoryListModel.m in Sources */,
				77B557AF1823A33800872BEE /* TCQuestionView.m in Sources */,
				77B557BE1823AA7000872BEE /* TCOptionView.m in Sources */,
				77A8DD7D182262C600B41F09 /* TCListModel.m in Sources */,
				77B557CA1823D88D00872BEE /* TCQuestionBannerView.m in Sources */,
				77A8DD8D1822816800B41F09 /* TCQuestionListModel.m in Sources */,
				77A8DD851822660100B41F09 /* TCCategory.m in Sources */,
				776C22E518223417000A1227 /* TCAppDelegate.m in Sources */,
				77B557C71823D65600872BEE /* UIView+AutoLayout.m in Sources */,
				77B557C11823AD1900872BEE /* UIButton+Extension.m in Sources */,
				776C22EE18223417000A1227 /* ToeicIOS.xcdatamodeld in Sources */,
				77A8DD8918227F5A00B41F09 /* TCQuestion.m in Sources */,
				77B557B61823A38800872BEE /* TCCategoryVC.m in Sources */,
				77B557C41823CC2900872BEE /* TCSwipViews.m in Sources */,
				77B557B71823A38800872BEE /* TCQuestionVC.m in Sources */,
			);
			runOnlyForDeploymentPostprocessing = 0;
		};
		776C22F718223417000A1227 /* Sources */ = {
			isa = PBXSourcesBuildPhase;
			buildActionMask = 2147483647;
			files = (
				77A8DD8A18227F5A00B41F09 /* TCQuestion.m in Sources */,
				77A8DD861822660100B41F09 /* TCCategory.m in Sources */,
				77A8DD8E1822816800B41F09 /* TCQuestionListModel.m in Sources */,
				77A8DD7E182262C600B41F09 /* TCListModel.m in Sources */,
				776C230A18223417000A1227 /* ToeicIOSTests.m in Sources */,
				77A8DD821822642800B41F09 /* TCCategoryListModel.m in Sources */,
			);
			runOnlyForDeploymentPostprocessing = 0;
		};
/* End PBXSourcesBuildPhase section */

/* Begin PBXTargetDependency section */
		776C230218223417000A1227 /* PBXTargetDependency */ = {
			isa = PBXTargetDependency;
			target = 776C22CE18223417000A1227 /* ToeicIOS */;
			targetProxy = 776C230118223417000A1227 /* PBXContainerItemProxy */;
		};
/* End PBXTargetDependency section */

/* Begin PBXVariantGroup section */
		776C22DD18223417000A1227 /* InfoPlist.strings */ = {
			isa = PBXVariantGroup;
			children = (
				776C22DE18223417000A1227 /* en */,
				77A8DD6118225D8F00B41F09 /* ja */,
				77A8DD6B18225E7900B41F09 /* zh-Hans */,
				77A8DD6F18225E9300B41F09 /* zh-Hant */,
				77A8DD7918225EFB00B41F09 /* Base */,
			);
			name = InfoPlist.strings;
			sourceTree = "<group>";
		};
		776C230618223417000A1227 /* InfoPlist.strings */ = {
			isa = PBXVariantGroup;
			children = (
				776C230718223417000A1227 /* en */,
				77A8DD6418225D8F00B41F09 /* ja */,
				77A8DD6C18225E7900B41F09 /* zh-Hans */,
				77A8DD7018225E9300B41F09 /* zh-Hant */,
			);
			name = InfoPlist.strings;
			sourceTree = "<group>";
		};
		77A8DD7418225EDB00B41F09 /* Localizable.strings */ = {
			isa = PBXVariantGroup;
			children = (
				77A8DD7318225EDB00B41F09 /* Base */,
				77A8DD7518225EE100B41F09 /* en */,
				77A8DD7618225EE200B41F09 /* ja */,
				77A8DD7718225EE700B41F09 /* zh-Hans */,
				77A8DD7818225EE800B41F09 /* zh-Hant */,
			);
			name = Localizable.strings;
			sourceTree = "<group>";
		};
/* End PBXVariantGroup section */

/* Begin XCBuildConfiguration section */
		776C230B18223417000A1227 /* Debug */ = {
			isa = XCBuildConfiguration;
			buildSettings = {
				ALWAYS_SEARCH_USER_PATHS = NO;
				ARCHS = "$(ARCHS_STANDARD_INCLUDING_64_BIT)";
				CLANG_CXX_LANGUAGE_STANDARD = "gnu++0x";
				CLANG_CXX_LIBRARY = "libc++";
				CLANG_ENABLE_MODULES = YES;
				CLANG_ENABLE_OBJC_ARC = YES;
				CLANG_WARN_BOOL_CONVERSION = YES;
				CLANG_WARN_CONSTANT_CONVERSION = YES;
				CLANG_WARN_DIRECT_OBJC_ISA_USAGE = YES_ERROR;
				CLANG_WARN_EMPTY_BODY = YES;
				CLANG_WARN_ENUM_CONVERSION = YES;
				CLANG_WARN_INT_CONVERSION = YES;
				CLANG_WARN_OBJC_ROOT_CLASS = YES_ERROR;
				CLANG_WARN__DUPLICATE_METHOD_MATCH = YES;
				"CODE_SIGN_IDENTITY[sdk=iphoneos*]" = "iPhone Developer";
				COPY_PHASE_STRIP = NO;
				GCC_C_LANGUAGE_STANDARD = gnu99;
				GCC_DYNAMIC_NO_PIC = NO;
				GCC_OPTIMIZATION_LEVEL = 0;
				GCC_PREPROCESSOR_DEFINITIONS = (
					"DEBUG=1",
					"$(inherited)",
				);
				GCC_SYMBOLS_PRIVATE_EXTERN = NO;
				GCC_WARN_64_TO_32_BIT_CONVERSION = YES;
				GCC_WARN_ABOUT_RETURN_TYPE = YES_ERROR;
				GCC_WARN_UNDECLARED_SELECTOR = YES;
				GCC_WARN_UNINITIALIZED_AUTOS = YES;
				GCC_WARN_UNUSED_FUNCTION = YES;
				GCC_WARN_UNUSED_VARIABLE = YES;
				IPHONEOS_DEPLOYMENT_TARGET = 7.0;
				ONLY_ACTIVE_ARCH = YES;
				SDKROOT = iphoneos;
				TARGETED_DEVICE_FAMILY = "1,2";
			};
			name = Debug;
		};
		776C230C18223417000A1227 /* Release */ = {
			isa = XCBuildConfiguration;
			buildSettings = {
				ALWAYS_SEARCH_USER_PATHS = NO;
				ARCHS = "$(ARCHS_STANDARD_INCLUDING_64_BIT)";
				CLANG_CXX_LANGUAGE_STANDARD = "gnu++0x";
				CLANG_CXX_LIBRARY = "libc++";
				CLANG_ENABLE_MODULES = YES;
				CLANG_ENABLE_OBJC_ARC = YES;
				CLANG_WARN_BOOL_CONVERSION = YES;
				CLANG_WARN_CONSTANT_CONVERSION = YES;
				CLANG_WARN_DIRECT_OBJC_ISA_USAGE = YES_ERROR;
				CLANG_WARN_EMPTY_BODY = YES;
				CLANG_WARN_ENUM_CONVERSION = YES;
				CLANG_WARN_INT_CONVERSION = YES;
				CLANG_WARN_OBJC_ROOT_CLASS = YES_ERROR;
				CLANG_WARN__DUPLICATE_METHOD_MATCH = YES;
				"CODE_SIGN_IDENTITY[sdk=iphoneos*]" = "iPhone Developer";
				COPY_PHASE_STRIP = YES;
				ENABLE_NS_ASSERTIONS = NO;
				GCC_C_LANGUAGE_STANDARD = gnu99;
				GCC_WARN_64_TO_32_BIT_CONVERSION = YES;
				GCC_WARN_ABOUT_RETURN_TYPE = YES_ERROR;
				GCC_WARN_UNDECLARED_SELECTOR = YES;
				GCC_WARN_UNINITIALIZED_AUTOS = YES;
				GCC_WARN_UNUSED_FUNCTION = YES;
				GCC_WARN_UNUSED_VARIABLE = YES;
				IPHONEOS_DEPLOYMENT_TARGET = 7.0;
				SDKROOT = iphoneos;
				TARGETED_DEVICE_FAMILY = "1,2";
				VALIDATE_PRODUCT = YES;
			};
			name = Release;
		};
		776C230E18223417000A1227 /* Debug */ = {
			isa = XCBuildConfiguration;
			baseConfigurationReference = 9E4B81355E064B879D6B4DF1 /* Pods.xcconfig */;
			buildSettings = {
				ASSETCATALOG_COMPILER_APPICON_NAME = AppIcon;
				ASSETCATALOG_COMPILER_LAUNCHIMAGE_NAME = LaunchImage;
				FRAMEWORK_SEARCH_PATHS = (
					"$(inherited)",
					/Users/jun.chen/Desktop/ToeicIOS,
				);
				GCC_PRECOMPILE_PREFIX_HEADER = YES;
				GCC_PREFIX_HEADER = "ToeicIOS/ToeicIOS-Prefix.pch";
				INFOPLIST_FILE = "ToeicIOS/ToeicIOS-Info.plist";
				OTHER_LDFLAGS = (
					"-Wl,-no_compact_unwind",
					"-lGoogleAnalyticsServices",
					"-lz",
					"-framework",
					CFNetwork,
					"-framework",
					CoreData,
					"-framework",
					CoreGraphics,
					"-framework",
					CoreText,
					"-framework",
					ImageIO,
					"-framework",
					MessageUI,
					"-framework",
					MobileCoreServices,
					"-framework",
					QuartzCore,
					"-framework",
					Security,
					"-framework",
					SystemConfiguration,
					"-weak_framework",
					AdSupport,
				);
				PRODUCT_NAME = "$(TARGET_NAME)";
				WRAPPER_EXTENSION = app;
			};
			name = Debug;
		};
		776C230F18223417000A1227 /* Release */ = {
			isa = XCBuildConfiguration;
			baseConfigurationReference = 9E4B81355E064B879D6B4DF1 /* Pods.xcconfig */;
			buildSettings = {
				ASSETCATALOG_COMPILER_APPICON_NAME = AppIcon;
				ASSETCATALOG_COMPILER_LAUNCHIMAGE_NAME = LaunchImage;
				FRAMEWORK_SEARCH_PATHS = (
					"$(inherited)",
					/Users/jun.chen/Desktop/ToeicIOS,
				);
				GCC_PRECOMPILE_PREFIX_HEADER = YES;
				GCC_PREFIX_HEADER = "ToeicIOS/ToeicIOS-Prefix.pch";
				INFOPLIST_FILE = "ToeicIOS/ToeicIOS-Info.plist";
				OTHER_LDFLAGS = (
					"-Wl,-no_compact_unwind",
					"-lGoogleAnalyticsServices",
					"-lz",
					"-framework",
					CFNetwork,
					"-framework",
					CoreData,
					"-framework",
					CoreGraphics,
					"-framework",
					CoreText,
					"-framework",
					ImageIO,
					"-framework",
					MessageUI,
					"-framework",
					MobileCoreServices,
					"-framework",
					QuartzCore,
					"-framework",
					Security,
					"-framework",
					SystemConfiguration,
					"-weak_framework",
					AdSupport,
				);
				PRODUCT_NAME = "$(TARGET_NAME)";
				WRAPPER_EXTENSION = app;
			};
			name = Release;
		};
		776C231118223417000A1227 /* Debug */ = {
			isa = XCBuildConfiguration;
			buildSettings = {
				ARCHS = "$(ARCHS_STANDARD_INCLUDING_64_BIT)";
				BUNDLE_LOADER = "$(BUILT_PRODUCTS_DIR)/ToeicIOS.app/ToeicIOS";
				FRAMEWORK_SEARCH_PATHS = (
					"$(SDKROOT)/Developer/Library/Frameworks",
					"$(inherited)",
					"$(DEVELOPER_FRAMEWORKS_DIR)",
					/Users/jun.chen/Desktop/ToeicIOS,
				);
				GCC_PRECOMPILE_PREFIX_HEADER = YES;
				GCC_PREFIX_HEADER = "ToeicIOS/ToeicIOS-Prefix.pch";
				GCC_PREPROCESSOR_DEFINITIONS = (
					"DEBUG=1",
					"$(inherited)",
				);
				INFOPLIST_FILE = "ToeicIOSTests/ToeicIOSTests-Info.plist";
				PRODUCT_NAME = "$(TARGET_NAME)";
				TEST_HOST = "$(BUNDLE_LOADER)";
				WRAPPER_EXTENSION = xctest;
			};
			name = Debug;
		};
		776C231218223417000A1227 /* Release */ = {
			isa = XCBuildConfiguration;
			buildSettings = {
				ARCHS = "$(ARCHS_STANDARD_INCLUDING_64_BIT)";
				BUNDLE_LOADER = "$(BUILT_PRODUCTS_DIR)/ToeicIOS.app/ToeicIOS";
				FRAMEWORK_SEARCH_PATHS = (
					"$(SDKROOT)/Developer/Library/Frameworks",
					"$(inherited)",
					"$(DEVELOPER_FRAMEWORKS_DIR)",
					/Users/jun.chen/Desktop/ToeicIOS,
				);
				GCC_PRECOMPILE_PREFIX_HEADER = YES;
				GCC_PREFIX_HEADER = "ToeicIOS/ToeicIOS-Prefix.pch";
				INFOPLIST_FILE = "ToeicIOSTests/ToeicIOSTests-Info.plist";
				PRODUCT_NAME = "$(TARGET_NAME)";
				TEST_HOST = "$(BUNDLE_LOADER)";
				WRAPPER_EXTENSION = xctest;
			};
			name = Release;
		};
/* End XCBuildConfiguration section */

/* Begin XCConfigurationList section */
		776C22CA18223417000A1227 /* Build configuration list for PBXProject "ToeicIOS" */ = {
			isa = XCConfigurationList;
			buildConfigurations = (
				776C230B18223417000A1227 /* Debug */,
				776C230C18223417000A1227 /* Release */,
			);
			defaultConfigurationIsVisible = 0;
			defaultConfigurationName = Release;
		};
		776C230D18223417000A1227 /* Build configuration list for PBXNativeTarget "ToeicIOS" */ = {
			isa = XCConfigurationList;
			buildConfigurations = (
				776C230E18223417000A1227 /* Debug */,
				776C230F18223417000A1227 /* Release */,
			);
			defaultConfigurationIsVisible = 0;
			defaultConfigurationName = Release;
		};
		776C231018223417000A1227 /* Build configuration list for PBXNativeTarget "ToeicIOSTests" */ = {
			isa = XCConfigurationList;
			buildConfigurations = (
				776C231118223417000A1227 /* Debug */,
				776C231218223417000A1227 /* Release */,
			);
			defaultConfigurationIsVisible = 0;
			defaultConfigurationName = Release;
		};
/* End XCConfigurationList section */

/* Begin XCVersionGroup section */
		776C22EC18223417000A1227 /* ToeicIOS.xcdatamodeld */ = {
			isa = XCVersionGroup;
			children = (
				776C22ED18223417000A1227 /* ToeicIOS.xcdatamodel */,
			);
			currentVersion = 776C22ED18223417000A1227 /* ToeicIOS.xcdatamodel */;
			path = ToeicIOS.xcdatamodeld;
			sourceTree = "<group>";
			versionGroupType = wrapper.xcdatamodel;
		};
/* End XCVersionGroup section */
	};
	rootObject = 776C22C718223417000A1227 /* Project object */;
}
